// !$*UTF8*$!
{
	archiveVersion = 1;
	classes = {
	};
	objectVersion = 55;
	objects = {

/* Begin PBXBuildFile section */
		0D13B74529204A3A00BE8698 /* GolfAppApp.swift in Sources */ = {isa = PBXBuildFile; fileRef = 0D13B73529204A3100BE8698 /* GolfAppApp.swift */; };
		0D13B74629204A3A00BE8698 /* GolfAppApp.swift in Sources */ = {isa = PBXBuildFile; fileRef = 0D13B73529204A3100BE8698 /* GolfAppApp.swift */; };
		0D13B74729204A3A00BE8698 /* ContentView.swift in Sources */ = {isa = PBXBuildFile; fileRef = 0D13B73629204A3100BE8698 /* ContentView.swift */; };
		0D13B74829204A3A00BE8698 /* ContentView.swift in Sources */ = {isa = PBXBuildFile; fileRef = 0D13B73629204A3100BE8698 /* ContentView.swift */; };
		0D13B74929204A3A00BE8698 /* Assets.xcassets in Resources */ = {isa = PBXBuildFile; fileRef = 0D13B73729204A3A00BE8698 /* Assets.xcassets */; };
		0D13B74A29204A3A00BE8698 /* Assets.xcassets in Resources */ = {isa = PBXBuildFile; fileRef = 0D13B73729204A3A00BE8698 /* Assets.xcassets */; };
		0D13B75729209B3C00BE8698 /* HandicapView.swift in Sources */ = {isa = PBXBuildFile; fileRef = 0D13B75629209B3C00BE8698 /* HandicapView.swift */; };
		0D13B75829209B3C00BE8698 /* HandicapView.swift in Sources */ = {isa = PBXBuildFile; fileRef = 0D13B75629209B3C00BE8698 /* HandicapView.swift */; };
		0D13B75A29209D5700BE8698 /* CourseView.swift in Sources */ = {isa = PBXBuildFile; fileRef = 0D13B75929209D5700BE8698 /* CourseView.swift */; };
		0D13B75B29209D5700BE8698 /* CourseView.swift in Sources */ = {isa = PBXBuildFile; fileRef = 0D13B75929209D5700BE8698 /* CourseView.swift */; };
		0D13B75D2920A03400BE8698 /* ScorecardView.swift in Sources */ = {isa = PBXBuildFile; fileRef = 0D13B75C2920A03400BE8698 /* ScorecardView.swift */; };
		0D13B75E2920A03400BE8698 /* ScorecardView.swift in Sources */ = {isa = PBXBuildFile; fileRef = 0D13B75C2920A03400BE8698 /* ScorecardView.swift */; };
		0D13B7662921515600BE8698 /* ViewModel.swift in Sources */ = {isa = PBXBuildFile; fileRef = 0D13B7652921515600BE8698 /* ViewModel.swift */; };
		0D13B7672921515600BE8698 /* ViewModel.swift in Sources */ = {isa = PBXBuildFile; fileRef = 0D13B7652921515600BE8698 /* ViewModel.swift */; };
		0D13B7B12923447000BE8698 /* courses.json in Resources */ = {isa = PBXBuildFile; fileRef = 0D13B7B02923447000BE8698 /* courses.json */; };
		0D13B7B22923447000BE8698 /* courses.json in Resources */ = {isa = PBXBuildFile; fileRef = 0D13B7B02923447000BE8698 /* courses.json */; };
		0DB204432924039A001DE9C4 /* CourseViewOptions.swift in Sources */ = {isa = PBXBuildFile; fileRef = 0DB204422924039A001DE9C4 /* CourseViewOptions.swift */; };
		0DB204442924039A001DE9C4 /* CourseViewOptions.swift in Sources */ = {isa = PBXBuildFile; fileRef = 0DB204422924039A001DE9C4 /* CourseViewOptions.swift */; };
		0DB20446292409EF001DE9C4 /* MapView.swift in Sources */ = {isa = PBXBuildFile; fileRef = 0DB20445292409EF001DE9C4 /* MapView.swift */; };
		0DB20447292409EF001DE9C4 /* MapView.swift in Sources */ = {isa = PBXBuildFile; fileRef = 0DB20445292409EF001DE9C4 /* MapView.swift */; };
		0DB20449292431F6001DE9C4 /* MapModel.swift in Sources */ = {isa = PBXBuildFile; fileRef = 0DB20448292431F6001DE9C4 /* MapModel.swift */; };
		0DB2044A292431F6001DE9C4 /* MapModel.swift in Sources */ = {isa = PBXBuildFile; fileRef = 0DB20448292431F6001DE9C4 /* MapModel.swift */; };
		0DB2044F29247789001DE9C4 /* WebView.swift in Sources */ = {isa = PBXBuildFile; fileRef = 0DB2044E29247789001DE9C4 /* WebView.swift */; };
		0DB2045029247789001DE9C4 /* WebView.swift in Sources */ = {isa = PBXBuildFile; fileRef = 0DB2044E29247789001DE9C4 /* WebView.swift */; };
		0DB2045529247BFC001DE9C4 /* ScoreboardView.swift in Sources */ = {isa = PBXBuildFile; fileRef = 0DB2045429247BFC001DE9C4 /* ScoreboardView.swift */; };
		0DB2045629247BFC001DE9C4 /* ScoreboardView.swift in Sources */ = {isa = PBXBuildFile; fileRef = 0DB2045429247BFC001DE9C4 /* ScoreboardView.swift */; };
		0DB2045929319173001DE9C4 /* GolfApp--iOS--Info.plist in Resources */ = {isa = PBXBuildFile; fileRef = 0DB2045829319172001DE9C4 /* GolfApp--iOS--Info.plist */; };
		0DB2045A29319173001DE9C4 /* GolfApp--iOS--Info.plist in Resources */ = {isa = PBXBuildFile; fileRef = 0DB2045829319172001DE9C4 /* GolfApp--iOS--Info.plist */; };
		0DB2045C2932CBD3001DE9C4 /* Round.swift in Sources */ = {isa = PBXBuildFile; fileRef = 0DB2045B2932CBD3001DE9C4 /* Round.swift */; };
		0DB2045D2932CBD3001DE9C4 /* Round.swift in Sources */ = {isa = PBXBuildFile; fileRef = 0DB2045B2932CBD3001DE9C4 /* Round.swift */; };
		0DB62C05293DA3C5002A0CF4 /* BusinessModel.swift in Sources */ = {isa = PBXBuildFile; fileRef = 0DB62C04293DA3C5002A0CF4 /* BusinessModel.swift */; };
		0DB62C06293DA3C5002A0CF4 /* BusinessModel.swift in Sources */ = {isa = PBXBuildFile; fileRef = 0DB62C04293DA3C5002A0CF4 /* BusinessModel.swift */; };
		0DB62C08293DA454002A0CF4 /* Constants.swift in Sources */ = {isa = PBXBuildFile; fileRef = 0DB62C07293DA454002A0CF4 /* Constants.swift */; };
		0DB62C09293DA454002A0CF4 /* Constants.swift in Sources */ = {isa = PBXBuildFile; fileRef = 0DB62C07293DA454002A0CF4 /* Constants.swift */; };
		0DB62C0B293DB766002A0CF4 /* LaunchView.swift in Sources */ = {isa = PBXBuildFile; fileRef = 0DB62C0A293DB766002A0CF4 /* LaunchView.swift */; };
		0DB62C0C293DB766002A0CF4 /* LaunchView.swift in Sources */ = {isa = PBXBuildFile; fileRef = 0DB62C0A293DB766002A0CF4 /* LaunchView.swift */; };
		0DB62C152940288C002A0CF4 /* CourseSection.swift in Sources */ = {isa = PBXBuildFile; fileRef = 0DB62C142940288C002A0CF4 /* CourseSection.swift */; };
		0DB62C162940288C002A0CF4 /* CourseSection.swift in Sources */ = {isa = PBXBuildFile; fileRef = 0DB62C142940288C002A0CF4 /* CourseSection.swift */; };
		0DB62C182940298D002A0CF4 /* CourseRow.swift in Sources */ = {isa = PBXBuildFile; fileRef = 0DB62C172940298D002A0CF4 /* CourseRow.swift */; };
		0DB62C192940298D002A0CF4 /* CourseRow.swift in Sources */ = {isa = PBXBuildFile; fileRef = 0DB62C172940298D002A0CF4 /* CourseRow.swift */; };
		0DB62C1B29405991002A0CF4 /* RoundInfoView.swift in Sources */ = {isa = PBXBuildFile; fileRef = 0DB62C1A29405990002A0CF4 /* RoundInfoView.swift */; };
		0DB62C1C29405991002A0CF4 /* RoundInfoView.swift in Sources */ = {isa = PBXBuildFile; fileRef = 0DB62C1A29405990002A0CF4 /* RoundInfoView.swift */; };
		0DB62C1E29425D43002A0CF4 /* RectangleBKView.swift in Sources */ = {isa = PBXBuildFile; fileRef = 0DB62C1D29425D43002A0CF4 /* RectangleBKView.swift */; };
		0DB62C1F29425D43002A0CF4 /* RectangleBKView.swift in Sources */ = {isa = PBXBuildFile; fileRef = 0DB62C1D29425D43002A0CF4 /* RectangleBKView.swift */; };
/* End PBXBuildFile section */

/* Begin PBXFileReference section */
		0D13B73529204A3100BE8698 /* GolfAppApp.swift */ = {isa = PBXFileReference; lastKnownFileType = sourcecode.swift; path = GolfAppApp.swift; sourceTree = "<group>"; };
		0D13B73629204A3100BE8698 /* ContentView.swift */ = {isa = PBXFileReference; lastKnownFileType = sourcecode.swift; path = ContentView.swift; sourceTree = "<group>"; };
		0D13B73729204A3A00BE8698 /* Assets.xcassets */ = {isa = PBXFileReference; lastKnownFileType = folder.assetcatalog; path = Assets.xcassets; sourceTree = "<group>"; };
		0D13B73C29204A3A00BE8698 /* GolfApp.app */ = {isa = PBXFileReference; explicitFileType = wrapper.application; includeInIndex = 0; path = GolfApp.app; sourceTree = BUILT_PRODUCTS_DIR; };
		0D13B74229204A3A00BE8698 /* GolfApp.app */ = {isa = PBXFileReference; explicitFileType = wrapper.application; includeInIndex = 0; path = GolfApp.app; sourceTree = BUILT_PRODUCTS_DIR; };
		0D13B74429204A3A00BE8698 /* macOS.entitlements */ = {isa = PBXFileReference; lastKnownFileType = text.plist.entitlements; path = macOS.entitlements; sourceTree = "<group>"; };
		0D13B75629209B3C00BE8698 /* HandicapView.swift */ = {isa = PBXFileReference; lastKnownFileType = sourcecode.swift; path = HandicapView.swift; sourceTree = "<group>"; };
		0D13B75929209D5700BE8698 /* CourseView.swift */ = {isa = PBXFileReference; lastKnownFileType = sourcecode.swift; path = CourseView.swift; sourceTree = "<group>"; };
		0D13B75C2920A03400BE8698 /* ScorecardView.swift */ = {isa = PBXFileReference; lastKnownFileType = sourcecode.swift; path = ScorecardView.swift; sourceTree = "<group>"; };
		0D13B7652921515600BE8698 /* ViewModel.swift */ = {isa = PBXFileReference; lastKnownFileType = sourcecode.swift; path = ViewModel.swift; sourceTree = "<group>"; };
		0D13B7B02923447000BE8698 /* courses.json */ = {isa = PBXFileReference; lastKnownFileType = text.json; path = courses.json; sourceTree = "<group>"; };
		0DB204422924039A001DE9C4 /* CourseViewOptions.swift */ = {isa = PBXFileReference; lastKnownFileType = sourcecode.swift; path = CourseViewOptions.swift; sourceTree = "<group>"; };
		0DB20445292409EF001DE9C4 /* MapView.swift */ = {isa = PBXFileReference; lastKnownFileType = sourcecode.swift; path = MapView.swift; sourceTree = "<group>"; };
		0DB20448292431F6001DE9C4 /* MapModel.swift */ = {isa = PBXFileReference; lastKnownFileType = sourcecode.swift; path = MapModel.swift; sourceTree = "<group>"; };
		0DB2044E29247789001DE9C4 /* WebView.swift */ = {isa = PBXFileReference; lastKnownFileType = sourcecode.swift; path = WebView.swift; sourceTree = "<group>"; };
		0DB2045429247BFC001DE9C4 /* ScoreboardView.swift */ = {isa = PBXFileReference; lastKnownFileType = sourcecode.swift; path = ScoreboardView.swift; sourceTree = "<group>"; };
		0DB2045829319172001DE9C4 /* GolfApp--iOS--Info.plist */ = {isa = PBXFileReference; fileEncoding = 4; lastKnownFileType = text.plist.xml; path = "GolfApp--iOS--Info.plist"; sourceTree = "<group>"; };
		0DB2045B2932CBD3001DE9C4 /* Round.swift */ = {isa = PBXFileReference; lastKnownFileType = sourcecode.swift; path = Round.swift; sourceTree = "<group>"; };
		0DB62C04293DA3C5002A0CF4 /* BusinessModel.swift */ = {isa = PBXFileReference; lastKnownFileType = sourcecode.swift; path = BusinessModel.swift; sourceTree = "<group>"; };
		0DB62C07293DA454002A0CF4 /* Constants.swift */ = {isa = PBXFileReference; lastKnownFileType = sourcecode.swift; path = Constants.swift; sourceTree = "<group>"; };
		0DB62C0A293DB766002A0CF4 /* LaunchView.swift */ = {isa = PBXFileReference; lastKnownFileType = sourcecode.swift; path = LaunchView.swift; sourceTree = "<group>"; };
		0DB62C142940288C002A0CF4 /* CourseSection.swift */ = {isa = PBXFileReference; lastKnownFileType = sourcecode.swift; path = CourseSection.swift; sourceTree = "<group>"; };
		0DB62C172940298D002A0CF4 /* CourseRow.swift */ = {isa = PBXFileReference; lastKnownFileType = sourcecode.swift; path = CourseRow.swift; sourceTree = "<group>"; };
		0DB62C1A29405990002A0CF4 /* RoundInfoView.swift */ = {isa = PBXFileReference; lastKnownFileType = sourcecode.swift; path = RoundInfoView.swift; sourceTree = "<group>"; };
		0DB62C1D29425D43002A0CF4 /* RectangleBKView.swift */ = {isa = PBXFileReference; lastKnownFileType = sourcecode.swift; path = RectangleBKView.swift; sourceTree = "<group>"; };
/* End PBXFileReference section */

/* Begin PBXFrameworksBuildPhase section */
		0D13B73929204A3A00BE8698 /* Frameworks */ = {
			isa = PBXFrameworksBuildPhase;
			buildActionMask = 2147483647;
			files = (
			);
			runOnlyForDeploymentPostprocessing = 0;
		};
		0D13B73F29204A3A00BE8698 /* Frameworks */ = {
			isa = PBXFrameworksBuildPhase;
			buildActionMask = 2147483647;
			files = (
			);
			runOnlyForDeploymentPostprocessing = 0;
		};
/* End PBXFrameworksBuildPhase section */

/* Begin PBXGroup section */
		0D13B72F29204A3100BE8698 = {
			isa = PBXGroup;
			children = (
				0DB62C07293DA454002A0CF4 /* Constants.swift */,
				0DB2045829319172001DE9C4 /* GolfApp--iOS--Info.plist */,
				0D13B73529204A3100BE8698 /* GolfAppApp.swift */,
				0D13B7552920997000BE8698 /* Model */,
				0D13B7542920995B00BE8698 /* ViewModel */,
				0D13B753292098EE00BE8698 /* View */,
				0D13B73429204A3100BE8698 /* Shared */,
				0D13B74329204A3A00BE8698 /* macOS */,
				0D13B73D29204A3A00BE8698 /* Products */,
			);
			sourceTree = "<group>";
		};
		0D13B73429204A3100BE8698 /* Shared */ = {
			isa = PBXGroup;
			children = (
				0D13B73729204A3A00BE8698 /* Assets.xcassets */,
				0D13B7B02923447000BE8698 /* courses.json */,
			);
			path = Shared;
			sourceTree = "<group>";
		};
		0D13B73D29204A3A00BE8698 /* Products */ = {
			isa = PBXGroup;
			children = (
				0D13B73C29204A3A00BE8698 /* GolfApp.app */,
				0D13B74229204A3A00BE8698 /* GolfApp.app */,
			);
			name = Products;
			sourceTree = "<group>";
		};
		0D13B74329204A3A00BE8698 /* macOS */ = {
			isa = PBXGroup;
			children = (
				0D13B74429204A3A00BE8698 /* macOS.entitlements */,
			);
			path = macOS;
			sourceTree = "<group>";
		};
		0D13B753292098EE00BE8698 /* View */ = {
			isa = PBXGroup;
			children = (
				0D13B73629204A3100BE8698 /* ContentView.swift */,
				0D13B75929209D5700BE8698 /* CourseView.swift */,
				0D13B75629209B3C00BE8698 /* HandicapView.swift */,
				0D13B75C2920A03400BE8698 /* ScorecardView.swift */,
				0DB62C1A29405990002A0CF4 /* RoundInfoView.swift */,
				0DB204422924039A001DE9C4 /* CourseViewOptions.swift */,
				0DB20445292409EF001DE9C4 /* MapView.swift */,
				0DB2044E29247789001DE9C4 /* WebView.swift */,
				0DB2045429247BFC001DE9C4 /* ScoreboardView.swift */,
				0DB62C0A293DB766002A0CF4 /* LaunchView.swift */,
				0DB62C142940288C002A0CF4 /* CourseSection.swift */,
				0DB62C172940298D002A0CF4 /* CourseRow.swift */,
				0DB62C1D29425D43002A0CF4 /* RectangleBKView.swift */,
			);
			path = View;
			sourceTree = "<group>";
		};
		0D13B7542920995B00BE8698 /* ViewModel */ = {
			isa = PBXGroup;
			children = (
				0D13B7652921515600BE8698 /* ViewModel.swift */,
				0DB20448292431F6001DE9C4 /* MapModel.swift */,
			);
			path = ViewModel;
			sourceTree = "<group>";
		};
		0D13B7552920997000BE8698 /* Model */ = {
			isa = PBXGroup;
			children = (
				0DB2045B2932CBD3001DE9C4 /* Round.swift */,
				0DB62C04293DA3C5002A0CF4 /* BusinessModel.swift */,
			);
			path = Model;
			sourceTree = "<group>";
		};
/* End PBXGroup section */

/* Begin PBXNativeTarget section */
		0D13B73B29204A3A00BE8698 /* GolfApp (iOS) */ = {
			isa = PBXNativeTarget;
			buildConfigurationList = 0D13B74D29204A3A00BE8698 /* Build configuration list for PBXNativeTarget "GolfApp (iOS)" */;
			buildPhases = (
				0D13B73829204A3A00BE8698 /* Sources */,
				0D13B73929204A3A00BE8698 /* Frameworks */,
				0D13B73A29204A3A00BE8698 /* Resources */,
			);
			buildRules = (
			);
			dependencies = (
			);
			name = "GolfApp (iOS)";
			productName = "GolfApp (iOS)";
			productReference = 0D13B73C29204A3A00BE8698 /* GolfApp.app */;
			productType = "com.apple.product-type.application";
		};
		0D13B74129204A3A00BE8698 /* GolfApp (macOS) */ = {
			isa = PBXNativeTarget;
			buildConfigurationList = 0D13B75029204A3A00BE8698 /* Build configuration list for PBXNativeTarget "GolfApp (macOS)" */;
			buildPhases = (
				0D13B73E29204A3A00BE8698 /* Sources */,
				0D13B73F29204A3A00BE8698 /* Frameworks */,
				0D13B74029204A3A00BE8698 /* Resources */,
			);
			buildRules = (
			);
			dependencies = (
			);
			name = "GolfApp (macOS)";
			productName = "GolfApp (macOS)";
			productReference = 0D13B74229204A3A00BE8698 /* GolfApp.app */;
			productType = "com.apple.product-type.application";
		};
/* End PBXNativeTarget section */

/* Begin PBXProject section */
		0D13B73029204A3100BE8698 /* Project object */ = {
			isa = PBXProject;
			attributes = {
				BuildIndependentTargetsInParallel = 1;
				LastSwiftUpdateCheck = 1340;
				LastUpgradeCheck = 1340;
				TargetAttributes = {
					0D13B73B29204A3A00BE8698 = {
						CreatedOnToolsVersion = 13.4.1;
					};
					0D13B74129204A3A00BE8698 = {
						CreatedOnToolsVersion = 13.4.1;
					};
				};
			};
			buildConfigurationList = 0D13B73329204A3100BE8698 /* Build configuration list for PBXProject "GolfApp" */;
			compatibilityVersion = "Xcode 13.0";
			developmentRegion = en;
			hasScannedForEncodings = 0;
			knownRegions = (
				en,
				Base,
			);
			mainGroup = 0D13B72F29204A3100BE8698;
			productRefGroup = 0D13B73D29204A3A00BE8698 /* Products */;
			projectDirPath = "";
			projectRoot = "";
			targets = (
				0D13B73B29204A3A00BE8698 /* GolfApp (iOS) */,
				0D13B74129204A3A00BE8698 /* GolfApp (macOS) */,
			);
		};
/* End PBXProject section */

/* Begin PBXResourcesBuildPhase section */
		0D13B73A29204A3A00BE8698 /* Resources */ = {
			isa = PBXResourcesBuildPhase;
			buildActionMask = 2147483647;
			files = (
				0D13B7B12923447000BE8698 /* courses.json in Resources */,
				0D13B74929204A3A00BE8698 /* Assets.xcassets in Resources */,
				0DB2045929319173001DE9C4 /* GolfApp--iOS--Info.plist in Resources */,
			);
			runOnlyForDeploymentPostprocessing = 0;
		};
		0D13B74029204A3A00BE8698 /* Resources */ = {
			isa = PBXResourcesBuildPhase;
			buildActionMask = 2147483647;
			files = (
				0D13B7B22923447000BE8698 /* courses.json in Resources */,
				0D13B74A29204A3A00BE8698 /* Assets.xcassets in Resources */,
				0DB2045A29319173001DE9C4 /* GolfApp--iOS--Info.plist in Resources */,
			);
			runOnlyForDeploymentPostprocessing = 0;
		};
/* End PBXResourcesBuildPhase section */

/* Begin PBXSourcesBuildPhase section */
		0D13B73829204A3A00BE8698 /* Sources */ = {
			isa = PBXSourcesBuildPhase;
			buildActionMask = 2147483647;
			files = (
				0DB2045C2932CBD3001DE9C4 /* Round.swift in Sources */,
				0DB62C1B29405991002A0CF4 /* RoundInfoView.swift in Sources */,
				0DB62C182940298D002A0CF4 /* CourseRow.swift in Sources */,
				0D13B75D2920A03400BE8698 /* ScorecardView.swift in Sources */,
				0DB2044F29247789001DE9C4 /* WebView.swift in Sources */,
				0DB2045529247BFC001DE9C4 /* ScoreboardView.swift in Sources */,
				0DB62C0B293DB766002A0CF4 /* LaunchView.swift in Sources */,
				0DB62C05293DA3C5002A0CF4 /* BusinessModel.swift in Sources */,
				0DB204432924039A001DE9C4 /* CourseViewOptions.swift in Sources */,
				0DB62C08293DA454002A0CF4 /* Constants.swift in Sources */,
				0DB20446292409EF001DE9C4 /* MapView.swift in Sources */,
				0D13B74729204A3A00BE8698 /* ContentView.swift in Sources */,
				0D13B74529204A3A00BE8698 /* GolfAppApp.swift in Sources */,
				0DB62C1E29425D43002A0CF4 /* RectangleBKView.swift in Sources */,
				0DB20449292431F6001DE9C4 /* MapModel.swift in Sources */,
				0D13B75729209B3C00BE8698 /* HandicapView.swift in Sources */,
				0D13B7662921515600BE8698 /* ViewModel.swift in Sources */,
				0DB62C152940288C002A0CF4 /* CourseSection.swift in Sources */,
				0D13B75A29209D5700BE8698 /* CourseView.swift in Sources */,
			);
			runOnlyForDeploymentPostprocessing = 0;
		};
		0D13B73E29204A3A00BE8698 /* Sources */ = {
			isa = PBXSourcesBuildPhase;
			buildActionMask = 2147483647;
			files = (
				0DB2045D2932CBD3001DE9C4 /* Round.swift in Sources */,
				0DB62C1C29405991002A0CF4 /* RoundInfoView.swift in Sources */,
				0DB62C192940298D002A0CF4 /* CourseRow.swift in Sources */,
				0D13B75E2920A03400BE8698 /* ScorecardView.swift in Sources */,
				0DB2045029247789001DE9C4 /* WebView.swift in Sources */,
				0DB2045629247BFC001DE9C4 /* ScoreboardView.swift in Sources */,
				0DB62C0C293DB766002A0CF4 /* LaunchView.swift in Sources */,
				0DB62C06293DA3C5002A0CF4 /* BusinessModel.swift in Sources */,
				0DB204442924039A001DE9C4 /* CourseViewOptions.swift in Sources */,
				0DB62C09293DA454002A0CF4 /* Constants.swift in Sources */,
				0DB20447292409EF001DE9C4 /* MapView.swift in Sources */,
				0D13B74829204A3A00BE8698 /* ContentView.swift in Sources */,
				0D13B74629204A3A00BE8698 /* GolfAppApp.swift in Sources */,
				0DB62C1F29425D43002A0CF4 /* RectangleBKView.swift in Sources */,
				0DB2044A292431F6001DE9C4 /* MapModel.swift in Sources */,
				0D13B75829209B3C00BE8698 /* HandicapView.swift in Sources */,
				0D13B7672921515600BE8698 /* ViewModel.swift in Sources */,
				0DB62C162940288C002A0CF4 /* CourseSection.swift in Sources */,
				0D13B75B29209D5700BE8698 /* CourseView.swift in Sources */,
			);
			runOnlyForDeploymentPostprocessing = 0;
		};
/* End PBXSourcesBuildPhase section */

/* Begin XCBuildConfiguration section */
		0D13B74B29204A3A00BE8698 /* Debug */ = {
			isa = XCBuildConfiguration;
			buildSettings = {
				ALWAYS_SEARCH_USER_PATHS = NO;
				CLANG_ANALYZER_NONNULL = YES;
				CLANG_ANALYZER_NUMBER_OBJECT_CONVERSION = YES_AGGRESSIVE;
				CLANG_CXX_LANGUAGE_STANDARD = "gnu++17";
				CLANG_ENABLE_MODULES = YES;
				CLANG_ENABLE_OBJC_ARC = YES;
				CLANG_ENABLE_OBJC_WEAK = YES;
				CLANG_WARN_BLOCK_CAPTURE_AUTORELEASING = YES;
				CLANG_WARN_BOOL_CONVERSION = YES;
				CLANG_WARN_COMMA = YES;
				CLANG_WARN_CONSTANT_CONVERSION = YES;
				CLANG_WARN_DEPRECATED_OBJC_IMPLEMENTATIONS = YES;
				CLANG_WARN_DIRECT_OBJC_ISA_USAGE = YES_ERROR;
				CLANG_WARN_DOCUMENTATION_COMMENTS = YES;
				CLANG_WARN_EMPTY_BODY = YES;
				CLANG_WARN_ENUM_CONVERSION = YES;
				CLANG_WARN_INFINITE_RECURSION = YES;
				CLANG_WARN_INT_CONVERSION = YES;
				CLANG_WARN_NON_LITERAL_NULL_CONVERSION = YES;
				CLANG_WARN_OBJC_IMPLICIT_RETAIN_SELF = YES;
				CLANG_WARN_OBJC_LITERAL_CONVERSION = YES;
				CLANG_WARN_OBJC_ROOT_CLASS = YES_ERROR;
				CLANG_WARN_QUOTED_INCLUDE_IN_FRAMEWORK_HEADER = YES;
				CLANG_WARN_RANGE_LOOP_ANALYSIS = YES;
				CLANG_WARN_STRICT_PROTOTYPES = YES;
				CLANG_WARN_SUSPICIOUS_MOVE = YES;
				CLANG_WARN_UNGUARDED_AVAILABILITY = YES_AGGRESSIVE;
				CLANG_WARN_UNREACHABLE_CODE = YES;
				CLANG_WARN__DUPLICATE_METHOD_MATCH = YES;
				COPY_PHASE_STRIP = NO;
				DEBUG_INFORMATION_FORMAT = dwarf;
				ENABLE_STRICT_OBJC_MSGSEND = YES;
				ENABLE_TESTABILITY = YES;
				GCC_C_LANGUAGE_STANDARD = gnu11;
				GCC_DYNAMIC_NO_PIC = NO;
				GCC_NO_COMMON_BLOCKS = YES;
				GCC_OPTIMIZATION_LEVEL = 0;
				GCC_PREPROCESSOR_DEFINITIONS = (
					"DEBUG=1",
					"$(inherited)",
				);
				GCC_WARN_64_TO_32_BIT_CONVERSION = YES;
				GCC_WARN_ABOUT_RETURN_TYPE = YES_ERROR;
				GCC_WARN_UNDECLARED_SELECTOR = YES;
				GCC_WARN_UNINITIALIZED_AUTOS = YES_AGGRESSIVE;
				GCC_WARN_UNUSED_FUNCTION = YES;
				GCC_WARN_UNUSED_VARIABLE = YES;
				MTL_ENABLE_DEBUG_INFO = INCLUDE_SOURCE;
				MTL_FAST_MATH = YES;
				ONLY_ACTIVE_ARCH = YES;
				SWIFT_ACTIVE_COMPILATION_CONDITIONS = DEBUG;
				SWIFT_OPTIMIZATION_LEVEL = "-Onone";
			};
			name = Debug;
		};
		0D13B74C29204A3A00BE8698 /* Release */ = {
			isa = XCBuildConfiguration;
			buildSettings = {
				ALWAYS_SEARCH_USER_PATHS = NO;
				CLANG_ANALYZER_NONNULL = YES;
				CLANG_ANALYZER_NUMBER_OBJECT_CONVERSION = YES_AGGRESSIVE;
				CLANG_CXX_LANGUAGE_STANDARD = "gnu++17";
				CLANG_ENABLE_MODULES = YES;
				CLANG_ENABLE_OBJC_ARC = YES;
				CLANG_ENABLE_OBJC_WEAK = YES;
				CLANG_WARN_BLOCK_CAPTURE_AUTORELEASING = YES;
				CLANG_WARN_BOOL_CONVERSION = YES;
				CLANG_WARN_COMMA = YES;
				CLANG_WARN_CONSTANT_CONVERSION = YES;
				CLANG_WARN_DEPRECATED_OBJC_IMPLEMENTATIONS = YES;
				CLANG_WARN_DIRECT_OBJC_ISA_USAGE = YES_ERROR;
				CLANG_WARN_DOCUMENTATION_COMMENTS = YES;
				CLANG_WARN_EMPTY_BODY = YES;
				CLANG_WARN_ENUM_CONVERSION = YES;
				CLANG_WARN_INFINITE_RECURSION = YES;
				CLANG_WARN_INT_CONVERSION = YES;
				CLANG_WARN_NON_LITERAL_NULL_CONVERSION = YES;
				CLANG_WARN_OBJC_IMPLICIT_RETAIN_SELF = YES;
				CLANG_WARN_OBJC_LITERAL_CONVERSION = YES;
				CLANG_WARN_OBJC_ROOT_CLASS = YES_ERROR;
				CLANG_WARN_QUOTED_INCLUDE_IN_FRAMEWORK_HEADER = YES;
				CLANG_WARN_RANGE_LOOP_ANALYSIS = YES;
				CLANG_WARN_STRICT_PROTOTYPES = YES;
				CLANG_WARN_SUSPICIOUS_MOVE = YES;
				CLANG_WARN_UNGUARDED_AVAILABILITY = YES_AGGRESSIVE;
				CLANG_WARN_UNREACHABLE_CODE = YES;
				CLANG_WARN__DUPLICATE_METHOD_MATCH = YES;
				COPY_PHASE_STRIP = NO;
				DEBUG_INFORMATION_FORMAT = "dwarf-with-dsym";
				ENABLE_NS_ASSERTIONS = NO;
				ENABLE_STRICT_OBJC_MSGSEND = YES;
				GCC_C_LANGUAGE_STANDARD = gnu11;
				GCC_NO_COMMON_BLOCKS = YES;
				GCC_WARN_64_TO_32_BIT_CONVERSION = YES;
				GCC_WARN_ABOUT_RETURN_TYPE = YES_ERROR;
				GCC_WARN_UNDECLARED_SELECTOR = YES;
				GCC_WARN_UNINITIALIZED_AUTOS = YES_AGGRESSIVE;
				GCC_WARN_UNUSED_FUNCTION = YES;
				GCC_WARN_UNUSED_VARIABLE = YES;
				MTL_ENABLE_DEBUG_INFO = NO;
				MTL_FAST_MATH = YES;
				SWIFT_COMPILATION_MODE = wholemodule;
				SWIFT_OPTIMIZATION_LEVEL = "-O";
			};
			name = Release;
		};
		0D13B74E29204A3A00BE8698 /* Debug */ = {
			isa = XCBuildConfiguration;
			buildSettings = {
				ASSETCATALOG_COMPILER_APPICON_NAME = AppIcon;
				ASSETCATALOG_COMPILER_GLOBAL_ACCENT_COLOR_NAME = AccentColor;
				CODE_SIGN_STYLE = Automatic;
				CURRENT_PROJECT_VERSION = 1;
				ENABLE_PREVIEWS = YES;
				FRAMEWORK_SEARCH_PATHS = (
					"$(inherited)",
					"$(PROJECT_DIR)/Shared",
				);
				GENERATE_INFOPLIST_FILE = YES;
				INFOPLIST_FILE = "GolfApp--iOS--Info.plist";
				INFOPLIST_KEY_NSLocationWhenInUseUsageDescription = "The thing we need";
				INFOPLIST_KEY_UIApplicationSceneManifest_Generation = YES;
				INFOPLIST_KEY_UIApplicationSupportsIndirectInputEvents = YES;
				INFOPLIST_KEY_UILaunchScreen_Generation = YES;
				INFOPLIST_KEY_UISupportedInterfaceOrientations_iPad = "UIInterfaceOrientationPortrait UIInterfaceOrientationPortraitUpsideDown UIInterfaceOrientationLandscapeLeft UIInterfaceOrientationLandscapeRight";
				INFOPLIST_KEY_UISupportedInterfaceOrientations_iPhone = "UIInterfaceOrientationPortrait UIInterfaceOrientationLandscapeLeft UIInterfaceOrientationLandscapeRight";
				IPHONEOS_DEPLOYMENT_TARGET = 15.5;
				LD_RUNPATH_SEARCH_PATHS = (
					"$(inherited)",
					"@executable_path/Frameworks",
				);
				MARKETING_VERSION = 1.0;
				PRODUCT_BUNDLE_IDENTIFIER = tfon.GolfApp;
				PRODUCT_NAME = GolfApp;
				SDKROOT = iphoneos;
				SWIFT_EMIT_LOC_STRINGS = YES;
				SWIFT_VERSION = 5.0;
				TARGETED_DEVICE_FAMILY = "1,2";
			};
			name = Debug;
		};
		0D13B74F29204A3A00BE8698 /* Release */ = {
			isa = XCBuildConfiguration;
			buildSettings = {
				ASSETCATALOG_COMPILER_APPICON_NAME = AppIcon;
				ASSETCATALOG_COMPILER_GLOBAL_ACCENT_COLOR_NAME = AccentColor;
				CODE_SIGN_STYLE = Automatic;
				CURRENT_PROJECT_VERSION = 1;
				ENABLE_PREVIEWS = YES;
				FRAMEWORK_SEARCH_PATHS = (
					"$(inherited)",
					"$(PROJECT_DIR)/Shared",
				);
				GENERATE_INFOPLIST_FILE = YES;
				INFOPLIST_FILE = "GolfApp--iOS--Info.plist";
				INFOPLIST_KEY_NSLocationWhenInUseUsageDescription = "The thing we need";
				INFOPLIST_KEY_UIApplicationSceneManifest_Generation = YES;
				INFOPLIST_KEY_UIApplicationSupportsIndirectInputEvents = YES;
				INFOPLIST_KEY_UILaunchScreen_Generation = YES;
				INFOPLIST_KEY_UISupportedInterfaceOrientations_iPad = "UIInterfaceOrientationPortrait UIInterfaceOrientationPortraitUpsideDown UIInterfaceOrientationLandscapeLeft UIInterfaceOrientationLandscapeRight";
				INFOPLIST_KEY_UISupportedInterfaceOrientations_iPhone = "UIInterfaceOrientationPortrait UIInterfaceOrientationLandscapeLeft UIInterfaceOrientationLandscapeRight";
				IPHONEOS_DEPLOYMENT_TARGET = 15.5;
				LD_RUNPATH_SEARCH_PATHS = (
					"$(inherited)",
					"@executable_path/Frameworks",
				);
				MARKETING_VERSION = 1.0;
				PRODUCT_BUNDLE_IDENTIFIER = tfon.GolfApp;
				PRODUCT_NAME = GolfApp;
				SDKROOT = iphoneos;
				SWIFT_EMIT_LOC_STRINGS = YES;
				SWIFT_VERSION = 5.0;
				TARGETED_DEVICE_FAMILY = "1,2";
				VALIDATE_PRODUCT = YES;
			};
			name = Release;
		};
		0D13B75129204A3A00BE8698 /* Debug */ = {
			isa = XCBuildConfiguration;
			buildSettings = {
				ASSETCATALOG_COMPILER_APPICON_NAME = AppIcon;
				ASSETCATALOG_COMPILER_GLOBAL_ACCENT_COLOR_NAME = AccentColor;
				CODE_SIGN_ENTITLEMENTS = macOS/macOS.entitlements;
				CODE_SIGN_STYLE = Automatic;
				COMBINE_HIDPI_IMAGES = YES;
				CURRENT_PROJECT_VERSION = 1;
				ENABLE_PREVIEWS = YES;
				FRAMEWORK_SEARCH_PATHS = (
					"$(inherited)",
					"$(PROJECT_DIR)/Shared",
				);
				GENERATE_INFOPLIST_FILE = YES;
				INFOPLIST_KEY_NSHumanReadableCopyright = "";
				LD_RUNPATH_SEARCH_PATHS = (
					"$(inherited)",
					"@executable_path/../Frameworks",
				);
				MACOSX_DEPLOYMENT_TARGET = 12.3;
				MARKETING_VERSION = 1.0;
				PRODUCT_BUNDLE_IDENTIFIER = tfon.GolfApp;
				PRODUCT_NAME = GolfApp;
				SDKROOT = macosx;
				SWIFT_EMIT_LOC_STRINGS = YES;
				SWIFT_VERSION = 5.0;
			};
			name = Debug;
		};
		0D13B75229204A3A00BE8698 /* Release */ = {
			isa = XCBuildConfiguration;
			buildSettings = {
				ASSETCATALOG_COMPILER_APPICON_NAME = AppIcon;
				ASSETCATALOG_COMPILER_GLOBAL_ACCENT_COLOR_NAME = AccentColor;
				CODE_SIGN_ENTITLEMENTS = macOS/macOS.entitlements;
				CODE_SIGN_STYLE = Automatic;
				COMBINE_HIDPI_IMAGES = YES;
				CURRENT_PROJECT_VERSION = 1;
				ENABLE_PREVIEWS = YES;
				FRAMEWORK_SEARCH_PATHS = (
					"$(inherited)",
					"$(PROJECT_DIR)/Shared",
				);
				GENERATE_INFOPLIST_FILE = YES;
				INFOPLIST_KEY_NSHumanReadableCopyright = "";
				LD_RUNPATH_SEARCH_PATHS = (
					"$(inherited)",
					"@executable_path/../Frameworks",
				);
				MACOSX_DEPLOYMENT_TARGET = 12.3;
				MARKETING_VERSION = 1.0;
				PRODUCT_BUNDLE_IDENTIFIER = tfon.GolfApp;
				PRODUCT_NAME = GolfApp;
				SDKROOT = macosx;
				SWIFT_EMIT_LOC_STRINGS = YES;
				SWIFT_VERSION = 5.0;
			};
			name = Release;
		};
/* End XCBuildConfiguration section */

/* Begin XCConfigurationList section */
		0D13B73329204A3100BE8698 /* Build configuration list for PBXProject "GolfApp" */ = {
			isa = XCConfigurationList;
			buildConfigurations = (
				0D13B74B29204A3A00BE8698 /* Debug */,
				0D13B74C29204A3A00BE8698 /* Release */,
			);
			defaultConfigurationIsVisible = 0;
			defaultConfigurationName = Release;
		};
		0D13B74D29204A3A00BE8698 /* Build configuration list for PBXNativeTarget "GolfApp (iOS)" */ = {
			isa = XCConfigurationList;
			buildConfigurations = (
				0D13B74E29204A3A00BE8698 /* Debug */,
				0D13B74F29204A3A00BE8698 /* Release */,
			);
			defaultConfigurationIsVisible = 0;
			defaultConfigurationName = Release;
		};
		0D13B75029204A3A00BE8698 /* Build configuration list for PBXNativeTarget "GolfApp (macOS)" */ = {
			isa = XCConfigurationList;
			buildConfigurations = (
				0D13B75129204A3A00BE8698 /* Debug */,
				0D13B75229204A3A00BE8698 /* Release */,
			);
			defaultConfigurationIsVisible = 0;
			defaultConfigurationName = Release;
		};
/* End XCConfigurationList section */
	};
	rootObject = 0D13B73029204A3100BE8698 /* Project object */;
}
